{
  "version": 4,
  "terraform_version": "1.8.4",
  "serial": 7,
  "lineage": "a7063498-5ebb-442a-5155-9610d15c34ed",
  "outputs": {
    "connection_strings": {
      "value": "mongodb+srv://oa640.c9qvt.mongodb.net",
      "type": "string"
    }
  },
  "resources": [
    {
      "mode": "managed",
      "type": "mongodbatlas_cluster",
      "name": "atlas_cluster",
      "provider": "provider[\"registry.terraform.io/mongodb/mongodbatlas\"]",
      "instances": [
        {
          "schema_version": 1,
          "attributes": {
            "accept_data_risks_and_force_replica_set_reconfig": "",
            "advanced_configuration": [
              {
                "default_read_concern": "",
                "default_write_concern": "",
                "fail_index_key_too_long": false,
                "javascript_enabled": true,
                "minimum_enabled_tls_protocol": "TLS1_2",
                "no_table_scan": false,
                "oplog_min_retention_hours": 0,
                "oplog_size_mb": 0,
                "sample_refresh_interval_bi_connector": 0,
                "sample_size_bi_connector": 0,
                "transaction_lifetime_limit_seconds": 0
              }
            ],
            "auto_scaling_compute_enabled": false,
            "auto_scaling_compute_scale_down_enabled": false,
            "auto_scaling_disk_gb_enabled": false,
            "backing_provider_name": null,
            "backup_enabled": false,
            "bi_connector_config": [
              {
                "enabled": false,
                "read_preference": "secondary"
              }
            ],
            "cloud_backup": null,
            "cluster_id": "67f6bb4a19d05d1a1246a6a3",
            "cluster_type": "REPLICASET",
            "connection_strings": [
              {
                "private": "",
                "private_endpoint": [],
                "private_srv": "",
                "standard": "mongodb://oa640-shard-00-00.c9qvt.mongodb.net:27017,oa640-shard-00-01.c9qvt.mongodb.net:27017,oa640-shard-00-02.c9qvt.mongodb.net:27017/?ssl=true\u0026authSource=admin\u0026replicaSet=atlas-7ekdd8-shard-0",
                "standard_srv": "mongodb+srv://oa640.c9qvt.mongodb.net"
              }
            ],
            "container_id": "67f6bb4a19d05d1a1246a69f",
            "disk_size_gb": 10,
            "encryption_at_rest_provider": "NONE",
            "id": "Y2x1c3Rlcl9pZA==:NjdmNmJiNGExOWQwNWQxYTEyNDZhNmEz-Y2x1c3Rlcl9uYW1l:T0E2NDA=-cHJvamVjdF9pZA==:NjdlZmUxOTEyOWI3MTUzYjU1MDUwNmZi-cHJvdmlkZXJfbmFtZQ==:QVdT",
            "labels": [],
            "mongo_db_major_version": "7.0",
            "mongo_db_version": "7.0.18",
            "mongo_uri": "mongodb://oa640-shard-00-00.c9qvt.mongodb.net:27017,oa640-shard-00-01.c9qvt.mongodb.net:27017,oa640-shard-00-02.c9qvt.mongodb.net:27017",
            "mongo_uri_updated": "2025-04-09T18:38:33Z",
            "mongo_uri_with_options": "mongodb://oa640-shard-00-00.c9qvt.mongodb.net:27017,oa640-shard-00-01.c9qvt.mongodb.net:27017,oa640-shard-00-02.c9qvt.mongodb.net:27017/?ssl=true\u0026authSource=admin\u0026replicaSet=atlas-7ekdd8-shard-0",
            "name": "OA640",
            "num_shards": 1,
            "paused": false,
            "pit_enabled": false,
            "project_id": "67efe19129b7153b550506fb",
            "provider_auto_scaling_compute_max_instance_size": "",
            "provider_auto_scaling_compute_min_instance_size": "",
            "provider_disk_iops": 3000,
            "provider_disk_type_name": "",
            "provider_encrypt_ebs_volume": null,
            "provider_encrypt_ebs_volume_flag": true,
            "provider_instance_size_name": "M10",
            "provider_name": "AWS",
            "provider_region_name": "EU_WEST_1",
            "provider_volume_type": "STANDARD",
            "replication_factor": 3,
            "replication_specs": [
              {
                "id": "67f6bb4919d05d1a1246a649",
                "num_shards": 1,
                "regions_config": [
                  {
                    "analytics_nodes": 0,
                    "electable_nodes": 3,
                    "priority": 7,
                    "read_only_nodes": 0,
                    "region_name": "EU_WEST_1"
                  }
                ],
                "zone_name": "ZoneName managed by Terraform"
              }
            ],
            "retain_backups_enabled": null,
            "snapshot_backup_policy": [],
            "srv_address": "mongodb+srv://oa640.c9qvt.mongodb.net",
            "state_name": "IDLE",
            "tags": [],
            "termination_protection_enabled": false,
            "timeouts": null,
            "version_release_system": "LTS"
          },
          "sensitive_attributes": [],
          "private": "eyJlMmJmYjczMC1lY2FhLTExZTYtOGY4OC0zNDM2M2JjN2M0YzAiOnsiY3JlYXRlIjoxMDgwMDAwMDAwMDAwMCwiZGVsZXRlIjoxMDgwMDAwMDAwMDAwMCwidXBkYXRlIjoxMDgwMDAwMDAwMDAwMH0sInNjaGVtYV92ZXJzaW9uIjoiMSJ9"
        }
      ]
    },
    {
      "mode": "managed",
      "type": "mongodbatlas_project_ip_access_list",
      "name": "instruqt",
      "provider": "provider[\"registry.terraform.io/mongodb/mongodbatlas\"]",
      "instances": [
        {
          "schema_version": 0,
          "attributes": {
            "aws_security_group": "",
            "cidr_block": "34.56.26.156/32",
            "comment": "",
            "id": "ZW50cnk=:MzQuNTYuMjYuMTU2LzMy-cHJvamVjdF9pZA==:NjdlZmUxOTEyOWI3MTUzYjU1MDUwNmZi",
            "ip_address": "34.56.26.156",
            "project_id": "67efe19129b7153b550506fb",
            "timeouts": null
          },
          "sensitive_attributes": []
        }
      ]
    },
    {
      "mode": "managed",
      "type": "random_password",
      "name": "user-1-password",
      "provider": "provider[\"registry.terraform.io/hashicorp/random\"]",
      "instances": [
        {
          "schema_version": 3,
          "attributes": {
            "bcrypt_hash": "$2a$10$gE3QjybSxAokFf.AmH8lnes6dCMDr/85Wk47fussvcn97fst7CeG.",
            "id": "none",
            "keepers": null,
            "length": 16,
            "lower": true,
            "min_lower": 0,
            "min_numeric": 0,
            "min_special": 0,
            "min_upper": 0,
            "number": true,
            "numeric": true,
            "override_special": "_%@",
            "result": "V9KbS86ixyBeSaka",
            "special": true,
            "upper": true
          },
          "sensitive_attributes": [
            [
              {
                "type": "get_attr",
                "value": "bcrypt_hash"
              }
            ],
            [
              {
                "type": "get_attr",
                "value": "result"
              }
            ]
          ]
        }
      ]
    }
  ],
  "check_results": null
}
