{
  "version": 4,
  "terraform_version": "1.8.4",
  "serial": 26,
  "lineage": "a7063498-5ebb-442a-5155-9610d15c34ed",
  "outputs": {
    "user_password": {
      "value": "V9KbS86ixyBeSaka",
      "type": "string",
      "sensitive": true
    }
  },
  "resources": [
    {
      "mode": "managed",
      "type": "mongodbatlas_auditing",
      "name": "audit_PRD",
      "provider": "provider[\"registry.terraform.io/mongodb/mongodbatlas\"]",
      "instances": [
        {
          "schema_version": 0,
          "attributes": {
            "audit_authorization_success": true,
            "audit_filter": "{\n  \"\": [\n    {\n      \"users\": []\n    },\n    {\n      \"\": [\n        {\n          \"\": [\n            {\n              \"users\": {\n                \"\": {\n                  \"\": [\n                    {\n                      \"db\": \"admin\"\n                    },\n                    {\n                      \"db\": \"\"\n                    }\n                  ]\n                }\n              }\n            },\n            {\n              \"roles\": {\n                \"\": {\n                  \"\": [\n                    {\n                      \"db\": \"admin\"\n                    }\n                  ]\n                }\n              }\n            }\n          ]\n        },\n        {\n          \"\": [\n            {\n              \"atype\": \"authCheck\",\n              \"param.command\": {\n                \"\": [\n                  \"aggregate\",\n                  \"count\",\n                  \"distinct\",\n                  \"group\",\n                  \"mapReduce\",\n                  \"geoNear\",\n                  \"geoSearch\",\n                  \"eval\",\n                  \"find\",\n                  \"getLastError\",\n                  \"getMore\",\n                  \"getPrevError\",\n                  \"parallelCollectionScan\",\n                  \"delete\",\n                  \"findAndModify\",\n                  \"insert\",\n                  \"update\",\n                  \"resetError\"\n                ]\n              }\n            },\n            {\n              \"atype\": {\n                \"\": [\n                  \"authenticate\",\n                  \"createCollection\",\n                  \"createDatabase\",\n                  \"createIndex\",\n                  \"renameCollection\",\n                  \"dropCollection\",\n                  \"dropDatabase\",\n                  \"dropIndex\",\n                  \"createUser\",\n                  \"dropUser\",\n                  \"dropAllUsersFromDatabase\",\n                  \"updateUser\",\n                  \"grantRolesToUser\",\n                  \"revokeRolesFromUser\",\n                  \"createRole\",\n                  \"updateRole\",\n                  \"dropRole\",\n                  \"dropAllRolesFromDatabase\",\n                  \"grantRolesToRole\",\n                  \"revokeRolesFromRole\",\n                  \"grantPrivilegesToRole\",\n                  \"revokePrivilegesFromRole\",\n                  \"enableSharding\",\n                  \"shardCollection\",\n                  \"addShard\",\n                  \"removeShard\",\n                  \"shutdown\",\n                  \"applicationMessage\"\n                ]\n              }\n            }\n          ]\n        }\n      ]\n    }\n  ]\n}\n",
            "configuration_type": "FILTER_JSON",
            "enabled": true,
            "id": "67efe19129b7153b550506fb",
            "project_id": "67efe19129b7153b550506fb"
          },
          "sensitive_attributes": [],
          "private": "bnVsbA=="
        }
      ]
    },
    {
      "mode": "managed",
      "type": "mongodbatlas_cloud_backup_schedule",
      "name": "production",
      "provider": "provider[\"registry.terraform.io/mongodb/mongodbatlas\"]",
      "instances": [
        {
          "schema_version": 0,
          "attributes": {
            "auto_export_enabled": false,
            "cluster_id": "67f6c9fea7955230222c5d80",
            "cluster_name": "OA640",
            "copy_settings": [],
            "export": [],
            "id": "Y2x1c3Rlcl9uYW1l:T0E2NDA=-cHJvamVjdF9pZA==:NjdlZmUxOTEyOWI3MTUzYjU1MDUwNmZi",
            "id_policy": "67f6d49298c39c47b6d4615f",
            "next_snapshot": "2025-04-09T20:45:39Z",
            "policy_item_daily": [
              {
                "frequency_interval": 1,
                "frequency_type": "daily",
                "id": "67f6d52fd85700384b3f5fb5",
                "retention_unit": "days",
                "retention_value": 14
              }
            ],
            "policy_item_hourly": [
              {
                "frequency_interval": 1,
                "frequency_type": "hourly",
                "id": "67f6d52fd85700384b3f5fb4",
                "retention_unit": "days",
                "retention_value": 4
              }
            ],
            "policy_item_monthly": [],
            "policy_item_weekly": [
              {
                "frequency_interval": 4,
                "frequency_type": "weekly",
                "id": "67f6d52fd85700384b3f5fb6",
                "retention_unit": "weeks",
                "retention_value": 3
              }
            ],
            "project_id": "67efe19129b7153b550506fb",
            "reference_hour_of_day": 3,
            "reference_minute_of_hour": 45,
            "restore_window_days": 4,
            "update_snapshots": null,
            "use_org_and_group_names_in_export_prefix": false
          },
          "sensitive_attributes": [],
          "private": "bnVsbA=="
        }
      ]
    },
    {
      "mode": "managed",
      "type": "mongodbatlas_cloud_backup_snapshot",
      "name": "production",
      "provider": "provider[\"registry.terraform.io/mongodb/mongodbatlas\"]",
      "instances": [
        {
          "schema_version": 0,
          "attributes": {
            "cloud_provider": "AWS",
            "cluster_name": "OA640",
            "created_at": "2025-04-09T20:17:03Z",
            "description": "My Description",
            "expires_at": "2025-04-10T20:19:23Z",
            "id": "Y2x1c3Rlcl9uYW1l:T0E2NDA=-cHJvamVjdF9pZA==:NjdlZmUxOTEyOWI3MTUzYjU1MDUwNmZi-c25hcHNob3RfaWQ=:NjdmNmQ1MmZiYzY5YjMwZDk4MTJhMjFk",
            "master_key_uuid": "",
            "members": [],
            "mongod_version": "7.0.18",
            "project_id": "67efe19129b7153b550506fb",
            "replica_set_name": "OA640",
            "retention_in_days": 1,
            "snapshot_id": "67f6d52fbc69b30d9812a21d",
            "snapshot_ids": [],
            "snapshot_type": "onDemand",
            "status": "completed",
            "storage_size_bytes": 2134429696,
            "type": "replicaSet"
          },
          "sensitive_attributes": [],
          "private": "bnVsbA=="
        }
      ]
    },
    {
      "mode": "managed",
      "type": "mongodbatlas_cluster",
      "name": "atlas_cluster",
      "provider": "provider[\"registry.terraform.io/mongodb/mongodbatlas\"]",
      "instances": [
        {
          "schema_version": 1,
          "attributes": {
            "accept_data_risks_and_force_replica_set_reconfig": "",
            "advanced_configuration": [
              {
                "default_read_concern": "",
                "default_write_concern": "",
                "fail_index_key_too_long": false,
                "javascript_enabled": true,
                "minimum_enabled_tls_protocol": "TLS1_2",
                "no_table_scan": false,
                "oplog_min_retention_hours": 0,
                "oplog_size_mb": 0,
                "sample_refresh_interval_bi_connector": 0,
                "sample_size_bi_connector": 0,
                "transaction_lifetime_limit_seconds": 0
              }
            ],
            "auto_scaling_compute_enabled": false,
            "auto_scaling_compute_scale_down_enabled": false,
            "auto_scaling_disk_gb_enabled": false,
            "backing_provider_name": null,
            "backup_enabled": false,
            "bi_connector_config": [
              {
                "enabled": false,
                "read_preference": "secondary"
              }
            ],
            "cloud_backup": true,
            "cluster_id": "67f6c9fea7955230222c5d80",
            "cluster_type": "REPLICASET",
            "connection_strings": [
              {
                "private": "",
                "private_endpoint": [],
                "private_srv": "",
                "standard": "mongodb://oa640-shard-00-00.c9qvt.mongodb.net:27017,oa640-shard-00-01.c9qvt.mongodb.net:27017,oa640-shard-00-02.c9qvt.mongodb.net:27017,oa640-shard-00-03.c9qvt.mongodb.net:27017,oa640-shard-00-04.c9qvt.mongodb.net:27017/?ssl=true\u0026authSource=admin\u0026replicaSet=atlas-7ekdd8-shard-0",
                "standard_srv": "mongodb+srv://oa640.c9qvt.mongodb.net"
              }
            ],
            "container_id": "67f6bb4a19d05d1a1246a69f",
            "disk_size_gb": 10,
            "encryption_at_rest_provider": "NONE",
            "id": "Y2x1c3Rlcl9pZA==:NjdmNmM5ZmVhNzk1NTIzMDIyMmM1ZDgw-Y2x1c3Rlcl9uYW1l:T0E2NDA=-cHJvamVjdF9pZA==:NjdlZmUxOTEyOWI3MTUzYjU1MDUwNmZi-cHJvdmlkZXJfbmFtZQ==:QVdT",
            "labels": [],
            "mongo_db_major_version": "7.0",
            "mongo_db_version": "7.0.18",
            "mongo_uri": "mongodb://oa640-shard-00-00.c9qvt.mongodb.net:27017,oa640-shard-00-01.c9qvt.mongodb.net:27017,oa640-shard-00-02.c9qvt.mongodb.net:27017,oa640-shard-00-03.c9qvt.mongodb.net:27017,oa640-shard-00-04.c9qvt.mongodb.net:27017",
            "mongo_uri_updated": "2025-04-09T19:59:10Z",
            "mongo_uri_with_options": "mongodb://oa640-shard-00-00.c9qvt.mongodb.net:27017,oa640-shard-00-01.c9qvt.mongodb.net:27017,oa640-shard-00-02.c9qvt.mongodb.net:27017,oa640-shard-00-03.c9qvt.mongodb.net:27017,oa640-shard-00-04.c9qvt.mongodb.net:27017/?ssl=true\u0026authSource=admin\u0026replicaSet=atlas-7ekdd8-shard-0",
            "name": "OA640",
            "num_shards": 1,
            "paused": false,
            "pit_enabled": true,
            "project_id": "67efe19129b7153b550506fb",
            "provider_auto_scaling_compute_max_instance_size": "",
            "provider_auto_scaling_compute_min_instance_size": "",
            "provider_disk_iops": 3000,
            "provider_disk_type_name": "",
            "provider_encrypt_ebs_volume": null,
            "provider_encrypt_ebs_volume_flag": true,
            "provider_instance_size_name": "M10",
            "provider_name": "AWS",
            "provider_region_name": "",
            "provider_volume_type": "STANDARD",
            "replication_factor": 0,
            "replication_specs": [
              {
                "id": "67f6c9fda7955230222c5d5c",
                "num_shards": 1,
                "regions_config": [
                  {
                    "analytics_nodes": 0,
                    "electable_nodes": 2,
                    "priority": 6,
                    "read_only_nodes": 0,
                    "region_name": "US_WEST_1"
                  },
                  {
                    "analytics_nodes": 0,
                    "electable_nodes": 3,
                    "priority": 7,
                    "read_only_nodes": 0,
                    "region_name": "EU_WEST_1"
                  }
                ],
                "zone_name": "ZoneName managed by Terraform"
              }
            ],
            "retain_backups_enabled": null,
            "snapshot_backup_policy": [
              {
                "cluster_id": "67f6c9fea7955230222c5d80",
                "cluster_name": "OA640",
                "next_snapshot": "2025-04-10T02:12:03Z",
                "policies": [
                  {
                    "id": "67f6d49298c39c47b6d4615f",
                    "policy_item": [
                      {
                        "frequency_interval": 6,
                        "frequency_type": "hourly",
                        "id": "67f6d49298c39c47b6d46160",
                        "retention_unit": "days",
                        "retention_value": 7
                      },
                      {
                        "frequency_interval": 1,
                        "frequency_type": "daily",
                        "id": "67f6d49298c39c47b6d46161",
                        "retention_unit": "days",
                        "retention_value": 7
                      },
                      {
                        "frequency_interval": 6,
                        "frequency_type": "weekly",
                        "id": "67f6d49298c39c47b6d46162",
                        "retention_unit": "weeks",
                        "retention_value": 4
                      },
                      {
                        "frequency_interval": 40,
                        "frequency_type": "monthly",
                        "id": "67f6d49298c39c47b6d46163",
                        "retention_unit": "months",
                        "retention_value": 12
                      },
                      {
                        "frequency_interval": 12,
                        "frequency_type": "yearly",
                        "id": "67f6d49298c39c47b6d46164",
                        "retention_unit": "years",
                        "retention_value": 1
                      }
                    ]
                  }
                ],
                "reference_hour_of_day": 20,
                "reference_minute_of_hour": 12,
                "restore_window_days": 7,
                "update_snapshots": false
              }
            ],
            "srv_address": "mongodb+srv://oa640.c9qvt.mongodb.net",
            "state_name": "IDLE",
            "tags": [],
            "termination_protection_enabled": false,
            "timeouts": null,
            "version_release_system": "LTS"
          },
          "sensitive_attributes": [],
          "private": "eyJlMmJmYjczMC1lY2FhLTExZTYtOGY4OC0zNDM2M2JjN2M0YzAiOnsiY3JlYXRlIjoxMDgwMDAwMDAwMDAwMCwiZGVsZXRlIjoxMDgwMDAwMDAwMDAwMCwidXBkYXRlIjoxMDgwMDAwMDAwMDAwMH0sInNjaGVtYV92ZXJzaW9uIjoiMSJ9"
        }
      ]
    },
    {
      "mode": "managed",
      "type": "mongodbatlas_custom_db_role",
      "name": "no_deletions",
      "provider": "provider[\"registry.terraform.io/mongodb/mongodbatlas\"]",
      "instances": [
        {
          "schema_version": 0,
          "attributes": {
            "actions": [
              {
                "action": "UPDATE",
                "resources": [
                  {
                    "cluster": false,
                    "collection_name": "",
                    "database_name": "test"
                  }
                ]
              },
              {
                "action": "INSERT",
                "resources": [
                  {
                    "cluster": false,
                    "collection_name": "",
                    "database_name": "test"
                  }
                ]
              },
              {
                "action": "FIND",
                "resources": [
                  {
                    "cluster": false,
                    "collection_name": "",
                    "database_name": "test"
                  }
                ]
              }
            ],
            "id": "cHJvamVjdF9pZA==:NjdlZmUxOTEyOWI3MTUzYjU1MDUwNmZi-cm9sZV9uYW1l:bm9fZGVsZXRpb25z",
            "inherited_roles": [],
            "project_id": "67efe19129b7153b550506fb",
            "role_name": "no_deletions"
          },
          "sensitive_attributes": [],
          "private": "bnVsbA=="
        }
      ]
    },
    {
      "mode": "managed",
      "type": "mongodbatlas_database_user",
      "name": "user-1",
      "provider": "provider[\"registry.terraform.io/mongodb/mongodbatlas\"]",
      "instances": [
        {
          "schema_version": 0,
          "attributes": {
            "auth_database_name": "admin",
            "aws_iam_type": "NONE",
            "id": "YXV0aF9kYXRhYmFzZV9uYW1l:YWRtaW4=-cHJvamVjdF9pZA==:NjdlZmUxOTEyOWI3MTUzYjU1MDUwNmZi-dXNlcm5hbWU=:dXNlci0x",
            "labels": [],
            "ldap_auth_type": "NONE",
            "oidc_auth_type": "NONE",
            "password": "V9KbS86ixyBeSaka",
            "project_id": "67efe19129b7153b550506fb",
            "roles": [
              {
                "collection_name": null,
                "database_name": "admin",
                "role_name": "no_deletions"
              }
            ],
            "scopes": [
              {
                "name": "OA640",
                "type": "CLUSTER"
              }
            ],
            "username": "user-1",
            "x509_type": "NONE"
          },
          "sensitive_attributes": [
            [
              {
                "type": "get_attr",
                "value": "password"
              }
            ]
          ],
          "dependencies": [
            "mongodbatlas_custom_db_role.no_deletions",
            "random_password.user-1-password"
          ]
        }
      ]
    },
    {
      "mode": "managed",
      "type": "mongodbatlas_project_ip_access_list",
      "name": "instruqt",
      "provider": "provider[\"registry.terraform.io/mongodb/mongodbatlas\"]",
      "instances": [
        {
          "schema_version": 0,
          "attributes": {
            "aws_security_group": "",
            "cidr_block": "34.56.26.156/32",
            "comment": "",
            "id": "ZW50cnk=:MzQuNTYuMjYuMTU2LzMy-cHJvamVjdF9pZA==:NjdlZmUxOTEyOWI3MTUzYjU1MDUwNmZi",
            "ip_address": "34.56.26.156",
            "project_id": "67efe19129b7153b550506fb",
            "timeouts": null
          },
          "sensitive_attributes": []
        }
      ]
    },
    {
      "mode": "managed",
      "type": "random_password",
      "name": "user-1-password",
      "provider": "provider[\"registry.terraform.io/hashicorp/random\"]",
      "instances": [
        {
          "schema_version": 3,
          "attributes": {
            "bcrypt_hash": "$2a$10$gE3QjybSxAokFf.AmH8lnes6dCMDr/85Wk47fussvcn97fst7CeG.",
            "id": "none",
            "keepers": null,
            "length": 16,
            "lower": true,
            "min_lower": 0,
            "min_numeric": 0,
            "min_special": 0,
            "min_upper": 0,
            "number": true,
            "numeric": true,
            "override_special": "_%@",
            "result": "V9KbS86ixyBeSaka",
            "special": true,
            "upper": true
          },
          "sensitive_attributes": [
            [
              {
                "type": "get_attr",
                "value": "bcrypt_hash"
              }
            ],
            [
              {
                "type": "get_attr",
                "value": "result"
              }
            ]
          ]
        }
      ]
    }
  ],
  "check_results": null
}
