{
  "version": 4,
  "terraform_version": "1.8.4",
  "serial": 43,
  "lineage": "a7063498-5ebb-442a-5155-9610d15c34ed",
  "outputs": {
    "user_password": {
      "value": "V9KbS86ixyBeSaka",
      "type": "string",
      "sensitive": true
    }
  },
  "resources": [
    {
      "mode": "managed",
      "type": "mongodbatlas_custom_db_role",
      "name": "no_deletions",
      "provider": "provider[\"registry.terraform.io/mongodb/mongodbatlas\"]",
      "instances": [
        {
          "schema_version": 0,
          "attributes": {
            "actions": [
              {
                "action": "UPDATE",
                "resources": [
                  {
                    "cluster": false,
                    "collection_name": "",
                    "database_name": "test"
                  }
                ]
              },
              {
                "action": "INSERT",
                "resources": [
                  {
                    "cluster": false,
                    "collection_name": "",
                    "database_name": "test"
                  }
                ]
              },
              {
                "action": "FIND",
                "resources": [
                  {
                    "cluster": false,
                    "collection_name": "",
                    "database_name": "test"
                  }
                ]
              }
            ],
            "id": "cHJvamVjdF9pZA==:NjdlZmUxOTEyOWI3MTUzYjU1MDUwNmZi-cm9sZV9uYW1l:bm9fZGVsZXRpb25z",
            "inherited_roles": [],
            "project_id": "67efe19129b7153b550506fb",
            "role_name": "no_deletions"
          },
          "sensitive_attributes": [],
          "private": "bnVsbA=="
        }
      ]
    },
    {
      "mode": "managed",
      "type": "mongodbatlas_database_user",
      "name": "user-1",
      "provider": "provider[\"registry.terraform.io/mongodb/mongodbatlas\"]",
      "instances": [
        {
          "schema_version": 0,
          "attributes": {
            "auth_database_name": "admin",
            "aws_iam_type": "NONE",
            "id": "YXV0aF9kYXRhYmFzZV9uYW1l:YWRtaW4=-cHJvamVjdF9pZA==:NjdlZmUxOTEyOWI3MTUzYjU1MDUwNmZi-dXNlcm5hbWU=:dXNlci0x",
            "labels": [],
            "ldap_auth_type": "NONE",
            "oidc_auth_type": "NONE",
            "password": "V9KbS86ixyBeSaka",
            "project_id": "67efe19129b7153b550506fb",
            "roles": [
              {
                "collection_name": null,
                "database_name": "admin",
                "role_name": "no_deletions"
              }
            ],
            "scopes": [
              {
                "name": "OA640",
                "type": "CLUSTER"
              }
            ],
            "username": "user-1",
            "x509_type": "NONE"
          },
          "sensitive_attributes": [
            [
              {
                "type": "get_attr",
                "value": "password"
              }
            ]
          ],
          "dependencies": [
            "mongodbatlas_custom_db_role.no_deletions",
            "random_password.user-1-password"
          ]
        }
      ]
    },
    {
      "mode": "managed",
      "type": "mongodbatlas_project_ip_access_list",
      "name": "instruqt",
      "provider": "provider[\"registry.terraform.io/mongodb/mongodbatlas\"]",
      "instances": [
        {
          "schema_version": 0,
          "attributes": {
            "aws_security_group": "",
            "cidr_block": "34.56.26.156/32",
            "comment": "",
            "id": "ZW50cnk=:MzQuNTYuMjYuMTU2LzMy-cHJvamVjdF9pZA==:NjdlZmUxOTEyOWI3MTUzYjU1MDUwNmZi",
            "ip_address": "34.56.26.156",
            "project_id": "67efe19129b7153b550506fb",
            "timeouts": null
          },
          "sensitive_attributes": []
        }
      ]
    },
    {
      "mode": "managed",
      "type": "random_password",
      "name": "user-1-password",
      "provider": "provider[\"registry.terraform.io/hashicorp/random\"]",
      "instances": [
        {
          "schema_version": 3,
          "attributes": {
            "bcrypt_hash": "$2a$10$gE3QjybSxAokFf.AmH8lnes6dCMDr/85Wk47fussvcn97fst7CeG.",
            "id": "none",
            "keepers": null,
            "length": 16,
            "lower": true,
            "min_lower": 0,
            "min_numeric": 0,
            "min_special": 0,
            "min_upper": 0,
            "number": true,
            "numeric": true,
            "override_special": "_%@",
            "result": "V9KbS86ixyBeSaka",
            "special": true,
            "upper": true
          },
          "sensitive_attributes": [
            [
              {
                "type": "get_attr",
                "value": "result"
              }
            ],
            [
              {
                "type": "get_attr",
                "value": "bcrypt_hash"
              }
            ]
          ]
        }
      ]
    }
  ],
  "check_results": null
}
